
Microsoft Visual Studio Solution File, Format Version 12.00
# Visual Studio Version 17
VisualStudioVersion = 17.1.32421.90
MinimumVisualStudioVersion = 10.0.40219.1
Project("{FAE04EC0-301F-11D3-BF4B-00C04F79EFBC}") = "ValheimPlusRewrite", "ValheimPlusRewrite\ValheimPlusRewrite.csproj", "{503E1A95-05E0-4DC8-9687-F89AB0CF9138}"
EndProject
Global
	GlobalSection(SolutionConfigurationPlatforms) = preSolution
		Debug|Any CPU = Debug|Any CPU
		Release|Any CPU = Release|Any CPU
	EndGlobalSection
	GlobalSection(ProjectConfigurationPlatforms) = postSolution
		{503E1A95-05E0-4DC8-9687-F89AB0CF9138}.Debug|Any CPU.ActiveCfg = Debug|Any CPU
		{503E1A95-05E0-4DC8-9687-F89AB0CF9138}.Debug|Any CPU.Build.0 = Debug|Any CPU
		{503E1A95-05E0-4DC8-9687-F89AB0CF9138}.Release|Any CPU.ActiveCfg = Release|Any CPU
		{503E1A95-05E0-4DC8-9687-F89AB0CF9138}.Release|Any CPU.Build.0 = Release|Any CPU
	EndGlobalSection
	GlobalSection(SolutionProperties) = preSolution
		HideSolutionNode = FALSE
	EndGlobalSection
	GlobalSection(ExtensibilityGlobals) = postSolution
		SolutionGuid = {F3BD12BE-2DDB-4745-BBD9-FEDC40255DEB}
	EndGlobalSection
EndGlobal
